// !$*UTF8*$!
{
	archiveVersion = 1;
	classes = {
	};
	objectVersion = 56;
	objects = {

/* Begin PBXBuildFile section */
		18508B395B4C6CF45BAE3EC4 /* Pods_Tracker.framework in Frameworks */ = {isa = PBXBuildFile; fileRef = A7936C3A26AE0743842558A8 /* Pods_Tracker.framework */; };
		A50259592A00F58100A7084E /* WeekDay.swift in Sources */ = {isa = PBXBuildFile; fileRef = A50259582A00F58100A7084E /* WeekDay.swift */; };
		A50E02972A00302A0082FF7A /* Storage.swift in Sources */ = {isa = PBXBuildFile; fileRef = A50E02962A00302A0082FF7A /* Storage.swift */; };
		A50E02992A004E630082FF7A /* TrackerViewController.swift in Sources */ = {isa = PBXBuildFile; fileRef = A50E02982A004E630082FF7A /* TrackerViewController.swift */; };
		A5106D562A2763AF0083ED28 /* ColorAndDayMarshalling.swift in Sources */ = {isa = PBXBuildFile; fileRef = A5106D552A2763AE0083ED28 /* ColorAndDayMarshalling.swift */; };
		A5288E7D2A114EF10057D30A /* SupplementaryViewEmojiColor.swift in Sources */ = {isa = PBXBuildFile; fileRef = A5288E7C2A114EF10057D30A /* SupplementaryViewEmojiColor.swift */; };
		A5288E7F2A114F1E0057D30A /* SupplementaryViewCategory.swift in Sources */ = {isa = PBXBuildFile; fileRef = A5288E7E2A114F1E0057D30A /* SupplementaryViewCategory.swift */; };
		A5364E582A459EA100047725 /* EditTrackerHabitViewController.swift in Sources */ = {isa = PBXBuildFile; fileRef = A5364E572A459EA100047725 /* EditTrackerHabitViewController.swift */; };
		A5364E5A2A45A02300047725 /* DataForCellHabit.swift in Sources */ = {isa = PBXBuildFile; fileRef = A5364E592A45A02300047725 /* DataForCellHabit.swift */; };
		A550417F29F6D49E0075DA85 /* UIColor.swift in Sources */ = {isa = PBXBuildFile; fileRef = A550417E29F6D49E0075DA85 /* UIColor.swift */; };
		A550418129F6EB120075DA85 /* TabBarViewController.swift in Sources */ = {isa = PBXBuildFile; fileRef = A550418029F6EB120075DA85 /* TabBarViewController.swift */; };
		A550418329F6EF7A0075DA85 /* StatisticsViewController.swift in Sources */ = {isa = PBXBuildFile; fileRef = A550418229F6EF7A0075DA85 /* StatisticsViewController.swift */; };
		A556E25F2A580BDC00C1BE68 /* TrackerSnapshotTests.swift in Sources */ = {isa = PBXBuildFile; fileRef = A556E25E2A580BDC00C1BE68 /* TrackerSnapshotTests.swift */; };
		A556E2672A580C5100C1BE68 /* SnapshotTesting in Frameworks */ = {isa = PBXBuildFile; productRef = A556E2662A580C5100C1BE68 /* SnapshotTesting */; };
		A557A2EC2A56B69900CEB1D8 /* FilterMenu.swift in Sources */ = {isa = PBXBuildFile; fileRef = A557A2EB2A56B69900CEB1D8 /* FilterMenu.swift */; };
		A56230252A2626D800E0C0A0 /* TrackerStore.swift in Sources */ = {isa = PBXBuildFile; fileRef = A56230242A2626D800E0C0A0 /* TrackerStore.swift */; };
		A56230272A2626F200E0C0A0 /* TrackerCategoryStore.swift in Sources */ = {isa = PBXBuildFile; fileRef = A56230262A2626F200E0C0A0 /* TrackerCategoryStore.swift */; };
		A56230292A26270700E0C0A0 /* TrackerRecordStore.swift in Sources */ = {isa = PBXBuildFile; fileRef = A56230282A26270700E0C0A0 /* TrackerRecordStore.swift */; };
		A562302C2A26276300E0C0A0 /* Data.xcdatamodeld in Sources */ = {isa = PBXBuildFile; fileRef = A562302A2A26276300E0C0A0 /* Data.xcdatamodeld */; };
		A571458D2A25F377002A49BD /* ColorCell.swift in Sources */ = {isa = PBXBuildFile; fileRef = A571458C2A25F377002A49BD /* ColorCell.swift */; };
		A573883A2A03CE120050394F /* TrackerCategory.swift in Sources */ = {isa = PBXBuildFile; fileRef = A57388392A03CE120050394F /* TrackerCategory.swift */; };
		A574758F2A0506AC00CA5E17 /* CreateHabitCell.swift in Sources */ = {isa = PBXBuildFile; fileRef = A574758E2A0506AC00CA5E17 /* CreateHabitCell.swift */; };
		A57475912A05077A00CA5E17 /* DayCell.swift in Sources */ = {isa = PBXBuildFile; fileRef = A57475902A05077A00CA5E17 /* DayCell.swift */; };
		A57475942A056F9700CA5E17 /* EmojiCell.swift in Sources */ = {isa = PBXBuildFile; fileRef = A57475932A056F9700CA5E17 /* EmojiCell.swift */; };
		A5AEE6772A35B19900383767 /* OnboardingPageView.swift in Sources */ = {isa = PBXBuildFile; fileRef = A5AEE6762A35B19900383767 /* OnboardingPageView.swift */; };
		A5AEE6792A35B34100383767 /* FirstOnboardingScreen.swift in Sources */ = {isa = PBXBuildFile; fileRef = A5AEE6782A35B34100383767 /* FirstOnboardingScreen.swift */; };
		A5AEE67B2A35B37800383767 /* SecondOnboardingScreen.swift in Sources */ = {isa = PBXBuildFile; fileRef = A5AEE67A2A35B37800383767 /* SecondOnboardingScreen.swift */; };
		A5BB19132A0257700039414D /* CategoryViewController.swift in Sources */ = {isa = PBXBuildFile; fileRef = A5BB19122A0257700039414D /* CategoryViewController.swift */; };
		A5C2AE6929F1449E000AFF07 /* AppDelegate.swift in Sources */ = {isa = PBXBuildFile; fileRef = A5C2AE6829F1449E000AFF07 /* AppDelegate.swift */; };
		A5C2AE6B29F1449E000AFF07 /* SceneDelegate.swift in Sources */ = {isa = PBXBuildFile; fileRef = A5C2AE6A29F1449E000AFF07 /* SceneDelegate.swift */; };
		A5C2AE7029F1449E000AFF07 /* Main.storyboard in Resources */ = {isa = PBXBuildFile; fileRef = A5C2AE6E29F1449E000AFF07 /* Main.storyboard */; };
		A5C2AE7229F144A0000AFF07 /* Assets.xcassets in Resources */ = {isa = PBXBuildFile; fileRef = A5C2AE7129F144A0000AFF07 /* Assets.xcassets */; };
		A5C2AE7529F144A0000AFF07 /* LaunchScreen.storyboard in Resources */ = {isa = PBXBuildFile; fileRef = A5C2AE7329F144A0000AFF07 /* LaunchScreen.storyboard */; };
		A5C384752A485EB1001F38FA /* Extension type.swift in Sources */ = {isa = PBXBuildFile; fileRef = A5C384742A485EB1001F38FA /* Extension type.swift */; };
		A5C3B46029FA56D600B64F47 /* CreateTrackerViewController.swift in Sources */ = {isa = PBXBuildFile; fileRef = A5C3B45F29FA56D600B64F47 /* CreateTrackerViewController.swift */; };
		A5C3B46229FA852A00B64F47 /* CreateHabitViewController.swift in Sources */ = {isa = PBXBuildFile; fileRef = A5C3B46129FA852A00B64F47 /* CreateHabitViewController.swift */; };
		A5CBE07029FBBA9A002AA691 /* CreateScheduleViewController.swift in Sources */ = {isa = PBXBuildFile; fileRef = A5CBE06F29FBBA9A002AA691 /* CreateScheduleViewController.swift */; };
		A5CC244E29FE5D1700D4D03D /* TextField.swift in Sources */ = {isa = PBXBuildFile; fileRef = A5CC244D29FE5D1700D4D03D /* TextField.swift */; };
		A5CC245129FE605A00D4D03D /* Tracker.swift in Sources */ = {isa = PBXBuildFile; fileRef = A5CC245029FE605A00D4D03D /* Tracker.swift */; };
		A5CC245329FE6C7D00D4D03D /* TrackerCell.swift in Sources */ = {isa = PBXBuildFile; fileRef = A5CC245229FE6C7D00D4D03D /* TrackerCell.swift */; };
		A5D0FFE32A5AEA6000810AA0 /* AnalyticsService.swift in Sources */ = {isa = PBXBuildFile; fileRef = A5D0FFE22A5AEA6000810AA0 /* AnalyticsService.swift */; };
		A5D52ECD2A0D1E9D001B5424 /* TrackerRecord.swift in Sources */ = {isa = PBXBuildFile; fileRef = A5D52ECC2A0D1E9D001B5424 /* TrackerRecord.swift */; };
		A5DFE74D2A3779D9005BABDD /* CategoryViewModel.swift in Sources */ = {isa = PBXBuildFile; fileRef = A5DFE74C2A3779D9005BABDD /* CategoryViewModel.swift */; };
		A5DFE74F2A378073005BABDD /* NewCategoryViewController.swift in Sources */ = {isa = PBXBuildFile; fileRef = A5DFE74E2A378073005BABDD /* NewCategoryViewController.swift */; };
		A5FDB9932A5DAD56002C2B99 /* Localizable.strings in Resources */ = {isa = PBXBuildFile; fileRef = A5FDB9952A5DAD56002C2B99 /* Localizable.strings */; };
		A5FDB99C2A5DB52C002C2B99 /* Localizable.stringsdict in Resources */ = {isa = PBXBuildFile; fileRef = A5FDB99A2A5DB52C002C2B99 /* Localizable.stringsdict */; };
/* End PBXBuildFile section */

/* Begin PBXContainerItemProxy section */
		A556E2602A580BDC00C1BE68 /* PBXContainerItemProxy */ = {
			isa = PBXContainerItemProxy;
			containerPortal = A5C2AE5D29F1449E000AFF07 /* Project object */;
			proxyType = 1;
			remoteGlobalIDString = A5C2AE6429F1449E000AFF07;
			remoteInfo = Tracker;
		};
/* End PBXContainerItemProxy section */

/* Begin PBXFileReference section */
		029D34500EBFB6A739AAD265 /* Pods-Tracker.debug.xcconfig */ = {isa = PBXFileReference; includeInIndex = 1; lastKnownFileType = text.xcconfig; name = "Pods-Tracker.debug.xcconfig"; path = "Target Support Files/Pods-Tracker/Pods-Tracker.debug.xcconfig"; sourceTree = "<group>"; };
		418CD121C9E3BE39E7690A36 /* Pods_Tracker_TrackerUITests.framework */ = {isa = PBXFileReference; explicitFileType = wrapper.framework; includeInIndex = 0; path = Pods_Tracker_TrackerUITests.framework; sourceTree = BUILT_PRODUCTS_DIR; };
		44F409429558C6580543EA76 /* Pods-Tracker-TrackerUITests.release.xcconfig */ = {isa = PBXFileReference; includeInIndex = 1; lastKnownFileType = text.xcconfig; name = "Pods-Tracker-TrackerUITests.release.xcconfig"; path = "Target Support Files/Pods-Tracker-TrackerUITests/Pods-Tracker-TrackerUITests.release.xcconfig"; sourceTree = "<group>"; };
		A50259582A00F58100A7084E /* WeekDay.swift */ = {isa = PBXFileReference; lastKnownFileType = sourcecode.swift; path = WeekDay.swift; sourceTree = "<group>"; };
		A50E02962A00302A0082FF7A /* Storage.swift */ = {isa = PBXFileReference; lastKnownFileType = sourcecode.swift; path = Storage.swift; sourceTree = "<group>"; };
		A50E02982A004E630082FF7A /* TrackerViewController.swift */ = {isa = PBXFileReference; lastKnownFileType = sourcecode.swift; path = TrackerViewController.swift; sourceTree = "<group>"; };
		A5106D552A2763AE0083ED28 /* ColorAndDayMarshalling.swift */ = {isa = PBXFileReference; lastKnownFileType = sourcecode.swift; path = ColorAndDayMarshalling.swift; sourceTree = "<group>"; };
		A5288E7C2A114EF10057D30A /* SupplementaryViewEmojiColor.swift */ = {isa = PBXFileReference; lastKnownFileType = sourcecode.swift; path = SupplementaryViewEmojiColor.swift; sourceTree = "<group>"; };
		A5288E7E2A114F1E0057D30A /* SupplementaryViewCategory.swift */ = {isa = PBXFileReference; lastKnownFileType = sourcecode.swift; path = SupplementaryViewCategory.swift; sourceTree = "<group>"; };
		A5364E572A459EA100047725 /* EditTrackerHabitViewController.swift */ = {isa = PBXFileReference; lastKnownFileType = sourcecode.swift; path = EditTrackerHabitViewController.swift; sourceTree = "<group>"; };
		A5364E592A45A02300047725 /* DataForCellHabit.swift */ = {isa = PBXFileReference; lastKnownFileType = sourcecode.swift; path = DataForCellHabit.swift; sourceTree = "<group>"; };
		A550417E29F6D49E0075DA85 /* UIColor.swift */ = {isa = PBXFileReference; lastKnownFileType = sourcecode.swift; path = UIColor.swift; sourceTree = "<group>"; };
		A550418029F6EB120075DA85 /* TabBarViewController.swift */ = {isa = PBXFileReference; lastKnownFileType = sourcecode.swift; path = TabBarViewController.swift; sourceTree = "<group>"; };
		A550418229F6EF7A0075DA85 /* StatisticsViewController.swift */ = {isa = PBXFileReference; lastKnownFileType = sourcecode.swift; path = StatisticsViewController.swift; sourceTree = "<group>"; };
		A556E25C2A580BDC00C1BE68 /* TrackerSnapshotTests.xctest */ = {isa = PBXFileReference; explicitFileType = wrapper.cfbundle; includeInIndex = 0; path = TrackerSnapshotTests.xctest; sourceTree = BUILT_PRODUCTS_DIR; };
		A556E25E2A580BDC00C1BE68 /* TrackerSnapshotTests.swift */ = {isa = PBXFileReference; lastKnownFileType = sourcecode.swift; path = TrackerSnapshotTests.swift; sourceTree = "<group>"; };
		A557A2EB2A56B69900CEB1D8 /* FilterMenu.swift */ = {isa = PBXFileReference; lastKnownFileType = sourcecode.swift; path = FilterMenu.swift; sourceTree = "<group>"; };
		A56230242A2626D800E0C0A0 /* TrackerStore.swift */ = {isa = PBXFileReference; lastKnownFileType = sourcecode.swift; path = TrackerStore.swift; sourceTree = "<group>"; };
		A56230262A2626F200E0C0A0 /* TrackerCategoryStore.swift */ = {isa = PBXFileReference; lastKnownFileType = sourcecode.swift; path = TrackerCategoryStore.swift; sourceTree = "<group>"; };
		A56230282A26270700E0C0A0 /* TrackerRecordStore.swift */ = {isa = PBXFileReference; lastKnownFileType = sourcecode.swift; path = TrackerRecordStore.swift; sourceTree = "<group>"; };
		A562302B2A26276300E0C0A0 /* Data.xcdatamodel */ = {isa = PBXFileReference; lastKnownFileType = wrapper.xcdatamodel; path = Data.xcdatamodel; sourceTree = "<group>"; };
		A571458C2A25F377002A49BD /* ColorCell.swift */ = {isa = PBXFileReference; lastKnownFileType = sourcecode.swift; path = ColorCell.swift; sourceTree = "<group>"; };
		A57388392A03CE120050394F /* TrackerCategory.swift */ = {isa = PBXFileReference; lastKnownFileType = sourcecode.swift; path = TrackerCategory.swift; sourceTree = "<group>"; };
		A574758E2A0506AC00CA5E17 /* CreateHabitCell.swift */ = {isa = PBXFileReference; lastKnownFileType = sourcecode.swift; path = CreateHabitCell.swift; sourceTree = "<group>"; };
		A57475902A05077A00CA5E17 /* DayCell.swift */ = {isa = PBXFileReference; lastKnownFileType = sourcecode.swift; path = DayCell.swift; sourceTree = "<group>"; };
		A57475932A056F9700CA5E17 /* EmojiCell.swift */ = {isa = PBXFileReference; lastKnownFileType = sourcecode.swift; path = EmojiCell.swift; sourceTree = "<group>"; };
		A5AEE6762A35B19900383767 /* OnboardingPageView.swift */ = {isa = PBXFileReference; lastKnownFileType = sourcecode.swift; path = OnboardingPageView.swift; sourceTree = "<group>"; };
		A5AEE6782A35B34100383767 /* FirstOnboardingScreen.swift */ = {isa = PBXFileReference; lastKnownFileType = sourcecode.swift; path = FirstOnboardingScreen.swift; sourceTree = "<group>"; };
		A5AEE67A2A35B37800383767 /* SecondOnboardingScreen.swift */ = {isa = PBXFileReference; lastKnownFileType = sourcecode.swift; path = SecondOnboardingScreen.swift; sourceTree = "<group>"; };
		A5BB19122A0257700039414D /* CategoryViewController.swift */ = {isa = PBXFileReference; lastKnownFileType = sourcecode.swift; path = CategoryViewController.swift; sourceTree = "<group>"; };
		A5C2AE6529F1449E000AFF07 /* Tracker.app */ = {isa = PBXFileReference; explicitFileType = wrapper.application; includeInIndex = 0; path = Tracker.app; sourceTree = BUILT_PRODUCTS_DIR; };
		A5C2AE6829F1449E000AFF07 /* AppDelegate.swift */ = {isa = PBXFileReference; lastKnownFileType = sourcecode.swift; path = AppDelegate.swift; sourceTree = "<group>"; };
		A5C2AE6A29F1449E000AFF07 /* SceneDelegate.swift */ = {isa = PBXFileReference; lastKnownFileType = sourcecode.swift; path = SceneDelegate.swift; sourceTree = "<group>"; };
		A5C2AE6F29F1449E000AFF07 /* Base */ = {isa = PBXFileReference; lastKnownFileType = file.storyboard; name = Base; path = Base.lproj/Main.storyboard; sourceTree = "<group>"; };
		A5C2AE7129F144A0000AFF07 /* Assets.xcassets */ = {isa = PBXFileReference; lastKnownFileType = folder.assetcatalog; path = Assets.xcassets; sourceTree = "<group>"; };
		A5C2AE7429F144A0000AFF07 /* Base */ = {isa = PBXFileReference; lastKnownFileType = file.storyboard; name = Base; path = Base.lproj/LaunchScreen.storyboard; sourceTree = "<group>"; };
		A5C2AE7629F144A0000AFF07 /* Info.plist */ = {isa = PBXFileReference; lastKnownFileType = text.plist.xml; path = Info.plist; sourceTree = "<group>"; };
		A5C384742A485EB1001F38FA /* Extension type.swift */ = {isa = PBXFileReference; lastKnownFileType = sourcecode.swift; path = "Extension type.swift"; sourceTree = "<group>"; };
		A5C3B45F29FA56D600B64F47 /* CreateTrackerViewController.swift */ = {isa = PBXFileReference; lastKnownFileType = sourcecode.swift; path = CreateTrackerViewController.swift; sourceTree = "<group>"; };
		A5C3B46129FA852A00B64F47 /* CreateHabitViewController.swift */ = {isa = PBXFileReference; lastKnownFileType = sourcecode.swift; path = CreateHabitViewController.swift; sourceTree = "<group>"; };
		A5CBE06F29FBBA9A002AA691 /* CreateScheduleViewController.swift */ = {isa = PBXFileReference; lastKnownFileType = sourcecode.swift; path = CreateScheduleViewController.swift; sourceTree = "<group>"; };
		A5CC244D29FE5D1700D4D03D /* TextField.swift */ = {isa = PBXFileReference; lastKnownFileType = sourcecode.swift; path = TextField.swift; sourceTree = "<group>"; };
		A5CC245029FE605A00D4D03D /* Tracker.swift */ = {isa = PBXFileReference; lastKnownFileType = sourcecode.swift; path = Tracker.swift; sourceTree = "<group>"; };
		A5CC245229FE6C7D00D4D03D /* TrackerCell.swift */ = {isa = PBXFileReference; lastKnownFileType = sourcecode.swift; path = TrackerCell.swift; sourceTree = "<group>"; };
		A5D0FFE22A5AEA6000810AA0 /* AnalyticsService.swift */ = {isa = PBXFileReference; lastKnownFileType = sourcecode.swift; path = AnalyticsService.swift; sourceTree = "<group>"; };
		A5D52ECC2A0D1E9D001B5424 /* TrackerRecord.swift */ = {isa = PBXFileReference; lastKnownFileType = sourcecode.swift; path = TrackerRecord.swift; sourceTree = "<group>"; };
		A5DFE74C2A3779D9005BABDD /* CategoryViewModel.swift */ = {isa = PBXFileReference; lastKnownFileType = sourcecode.swift; path = CategoryViewModel.swift; sourceTree = "<group>"; };
		A5DFE74E2A378073005BABDD /* NewCategoryViewController.swift */ = {isa = PBXFileReference; lastKnownFileType = sourcecode.swift; path = NewCategoryViewController.swift; sourceTree = "<group>"; };
		A5FDB9912A5DAD33002C2B99 /* en-GB */ = {isa = PBXFileReference; lastKnownFileType = text.plist.strings; name = "en-GB"; path = "en-GB.lproj/Main.strings"; sourceTree = "<group>"; };
		A5FDB9922A5DAD34002C2B99 /* en-GB */ = {isa = PBXFileReference; lastKnownFileType = text.plist.strings; name = "en-GB"; path = "en-GB.lproj/LaunchScreen.strings"; sourceTree = "<group>"; };
		A5FDB9942A5DAD56002C2B99 /* en */ = {isa = PBXFileReference; lastKnownFileType = text.plist.strings; name = en; path = en.lproj/Localizable.strings; sourceTree = "<group>"; };
		A5FDB9972A5DADAA002C2B99 /* ru */ = {isa = PBXFileReference; lastKnownFileType = text.plist.strings; name = ru; path = ru.lproj/Main.strings; sourceTree = "<group>"; };
		A5FDB9982A5DADAA002C2B99 /* ru */ = {isa = PBXFileReference; lastKnownFileType = text.plist.strings; name = ru; path = ru.lproj/LaunchScreen.strings; sourceTree = "<group>"; };
		A5FDB9992A5DADAA002C2B99 /* ru */ = {isa = PBXFileReference; lastKnownFileType = text.plist.strings; name = ru; path = ru.lproj/Localizable.strings; sourceTree = "<group>"; };
		A5FDB99B2A5DB52C002C2B99 /* en */ = {isa = PBXFileReference; lastKnownFileType = text.plist.stringsdict; name = en; path = en.lproj/Localizable.stringsdict; sourceTree = "<group>"; };
		A5FDB99D2A5DB933002C2B99 /* ru */ = {isa = PBXFileReference; lastKnownFileType = text.plist.stringsdict; name = ru; path = ru.lproj/Localizable.stringsdict; sourceTree = "<group>"; };
		A7936C3A26AE0743842558A8 /* Pods_Tracker.framework */ = {isa = PBXFileReference; explicitFileType = wrapper.framework; includeInIndex = 0; path = Pods_Tracker.framework; sourceTree = BUILT_PRODUCTS_DIR; };
		ABE4C3838B5E122032AE607C /* Pods-Tracker-TrackerUITests.debug.xcconfig */ = {isa = PBXFileReference; includeInIndex = 1; lastKnownFileType = text.xcconfig; name = "Pods-Tracker-TrackerUITests.debug.xcconfig"; path = "Target Support Files/Pods-Tracker-TrackerUITests/Pods-Tracker-TrackerUITests.debug.xcconfig"; sourceTree = "<group>"; };
		AE6D1C7C545FF75E45E6F146 /* Pods-Tracker.release.xcconfig */ = {isa = PBXFileReference; includeInIndex = 1; lastKnownFileType = text.xcconfig; name = "Pods-Tracker.release.xcconfig"; path = "Target Support Files/Pods-Tracker/Pods-Tracker.release.xcconfig"; sourceTree = "<group>"; };
/* End PBXFileReference section */

/* Begin PBXFrameworksBuildPhase section */
		A556E2592A580BDC00C1BE68 /* Frameworks */ = {
			isa = PBXFrameworksBuildPhase;
			buildActionMask = 2147483647;
			files = (
				A556E2672A580C5100C1BE68 /* SnapshotTesting in Frameworks */,
			);
			runOnlyForDeploymentPostprocessing = 0;
		};
		A5C2AE6229F1449E000AFF07 /* Frameworks */ = {
			isa = PBXFrameworksBuildPhase;
			buildActionMask = 2147483647;
			files = (
				18508B395B4C6CF45BAE3EC4 /* Pods_Tracker.framework in Frameworks */,
			);
			runOnlyForDeploymentPostprocessing = 0;
		};
/* End PBXFrameworksBuildPhase section */

/* Begin PBXGroup section */
		5E1589B77874C41AE05BC769 /* Frameworks */ = {
			isa = PBXGroup;
			children = (
				A7936C3A26AE0743842558A8 /* Pods_Tracker.framework */,
				418CD121C9E3BE39E7690A36 /* Pods_Tracker_TrackerUITests.framework */,
			);
			name = Frameworks;
			sourceTree = "<group>";
		};
		A550417D29F6D01C0075DA85 /* Helper */ = {
			isa = PBXGroup;
			children = (
				A550417E29F6D49E0075DA85 /* UIColor.swift */,
				A50E02962A00302A0082FF7A /* Storage.swift */,
				A5CC244D29FE5D1700D4D03D /* TextField.swift */,
				A5106D552A2763AE0083ED28 /* ColorAndDayMarshalling.swift */,
				A5364E592A45A02300047725 /* DataForCellHabit.swift */,
				A5C384742A485EB1001F38FA /* Extension type.swift */,
			);
			path = Helper;
			sourceTree = "<group>";
		};
		A556E25D2A580BDC00C1BE68 /* TrackerSnapshotTests */ = {
			isa = PBXGroup;
			children = (
				A556E25E2A580BDC00C1BE68 /* TrackerSnapshotTests.swift */,
			);
			path = TrackerSnapshotTests;
			sourceTree = "<group>";
		};
		A56230232A2626B800E0C0A0 /* CoreData */ = {
			isa = PBXGroup;
			children = (
				A562302A2A26276300E0C0A0 /* Data.xcdatamodeld */,
				A56230242A2626D800E0C0A0 /* TrackerStore.swift */,
				A56230262A2626F200E0C0A0 /* TrackerCategoryStore.swift */,
				A56230282A26270700E0C0A0 /* TrackerRecordStore.swift */,
			);
			path = CoreData;
			sourceTree = "<group>";
		};
		A574758D2A0505A000CA5E17 /* ViewControllers */ = {
			isa = PBXGroup;
			children = (
				A5DDFC892A5F10C600B11A35 /* Trackers */,
				A5DDFC882A5F10BB00B11A35 /* Statistics */,
			);
			path = ViewControllers;
			sourceTree = "<group>";
		};
		A57475922A0507C400CA5E17 /* CellAndSupplementaryForVC */ = {
			isa = PBXGroup;
			children = (
				A57475902A05077A00CA5E17 /* DayCell.swift */,
				A57475932A056F9700CA5E17 /* EmojiCell.swift */,
				A571458C2A25F377002A49BD /* ColorCell.swift */,
				A5CC245229FE6C7D00D4D03D /* TrackerCell.swift */,
				A574758E2A0506AC00CA5E17 /* CreateHabitCell.swift */,
				A5288E7C2A114EF10057D30A /* SupplementaryViewEmojiColor.swift */,
				A5288E7E2A114F1E0057D30A /* SupplementaryViewCategory.swift */,
			);
			path = CellAndSupplementaryForVC;
			sourceTree = "<group>";
		};
		A5AEE6752A35B16700383767 /* Onboarding */ = {
			isa = PBXGroup;
			children = (
				A5AEE6762A35B19900383767 /* OnboardingPageView.swift */,
				A5AEE6782A35B34100383767 /* FirstOnboardingScreen.swift */,
				A5AEE67A2A35B37800383767 /* SecondOnboardingScreen.swift */,
			);
			path = Onboarding;
			sourceTree = "<group>";
		};
		A5C2AE5C29F1449E000AFF07 = {
			isa = PBXGroup;
			children = (
				A5C2AE6729F1449E000AFF07 /* Tracker */,
				A556E25D2A580BDC00C1BE68 /* TrackerSnapshotTests */,
				A5C2AE6629F1449E000AFF07 /* Products */,
				D4CC6539E75578008C22055C /* Pods */,
				5E1589B77874C41AE05BC769 /* Frameworks */,
			);
			sourceTree = "<group>";
		};
		A5C2AE6629F1449E000AFF07 /* Products */ = {
			isa = PBXGroup;
			children = (
				A5C2AE6529F1449E000AFF07 /* Tracker.app */,
				A556E25C2A580BDC00C1BE68 /* TrackerSnapshotTests.xctest */,
			);
			name = Products;
			sourceTree = "<group>";
		};
		A5C2AE6729F1449E000AFF07 /* Tracker */ = {
			isa = PBXGroup;
			children = (
				A5FDB98E2A5D425B002C2B99 /* Resource */,
				A5D0FFE12A5AEA3700810AA0 /* Analytics */,
				A550417D29F6D01C0075DA85 /* Helper */,
				A5C2AE6829F1449E000AFF07 /* AppDelegate.swift */,
				A5C2AE6A29F1449E000AFF07 /* SceneDelegate.swift */,
				A56230232A2626B800E0C0A0 /* CoreData */,
				A5AEE6752A35B16700383767 /* Onboarding */,
				A5CC244C29FE5CE200D4D03D /* Trackers */,
				A550418029F6EB120075DA85 /* TabBarViewController.swift */,
				A5C2AE6E29F1449E000AFF07 /* Main.storyboard */,
				A5C2AE7129F144A0000AFF07 /* Assets.xcassets */,
				A5C2AE7329F144A0000AFF07 /* LaunchScreen.storyboard */,
				A5C2AE7629F144A0000AFF07 /* Info.plist */,
			);
			path = Tracker;
			sourceTree = "<group>";
		};
		A5CC244C29FE5CE200D4D03D /* Trackers */ = {
			isa = PBXGroup;
			children = (
				A57475922A0507C400CA5E17 /* CellAndSupplementaryForVC */,
				A574758D2A0505A000CA5E17 /* ViewControllers */,
				A5CC244F29FE604D00D4D03D /* Models */,
			);
			path = Trackers;
			sourceTree = "<group>";
		};
		A5CC244F29FE604D00D4D03D /* Models */ = {
			isa = PBXGroup;
			children = (
				A5CC245029FE605A00D4D03D /* Tracker.swift */,
				A5D52ECC2A0D1E9D001B5424 /* TrackerRecord.swift */,
				A57388392A03CE120050394F /* TrackerCategory.swift */,
				A50259582A00F58100A7084E /* WeekDay.swift */,
			);
			path = Models;
			sourceTree = "<group>";
		};
		A5D0FFE12A5AEA3700810AA0 /* Analytics */ = {
			isa = PBXGroup;
			children = (
				A5D0FFE22A5AEA6000810AA0 /* AnalyticsService.swift */,
			);
			path = Analytics;
			sourceTree = "<group>";
		};
		A5DDFC882A5F10BB00B11A35 /* Statistics */ = {
			isa = PBXGroup;
			children = (
				A550418229F6EF7A0075DA85 /* StatisticsViewController.swift */,
			);
			name = Statistics;
			path = ../../..;
			sourceTree = "<group>";
		};
		A5DDFC892A5F10C600B11A35 /* Trackers */ = {
			isa = PBXGroup;
			children = (
				A5CBE06F29FBBA9A002AA691 /* CreateScheduleViewController.swift */,
				A5BB19122A0257700039414D /* CategoryViewController.swift */,
				A5DFE74C2A3779D9005BABDD /* CategoryViewModel.swift */,
				A5DFE74E2A378073005BABDD /* NewCategoryViewController.swift */,
				A5C3B46129FA852A00B64F47 /* CreateHabitViewController.swift */,
				A5C3B45F29FA56D600B64F47 /* CreateTrackerViewController.swift */,
				A50E02982A004E630082FF7A /* TrackerViewController.swift */,
				A5364E572A459EA100047725 /* EditTrackerHabitViewController.swift */,
				A557A2EB2A56B69900CEB1D8 /* FilterMenu.swift */,
			);
			path = Trackers;
			sourceTree = "<group>";
		};
		A5FDB98E2A5D425B002C2B99 /* Resource */ = {
			isa = PBXGroup;
			children = (
				A5FDB9952A5DAD56002C2B99 /* Localizable.strings */,
				A5FDB99A2A5DB52C002C2B99 /* Localizable.stringsdict */,
			);
			path = Resource;
			sourceTree = "<group>";
		};
		D4CC6539E75578008C22055C /* Pods */ = {
			isa = PBXGroup;
			children = (
				029D34500EBFB6A739AAD265 /* Pods-Tracker.debug.xcconfig */,
				AE6D1C7C545FF75E45E6F146 /* Pods-Tracker.release.xcconfig */,
				ABE4C3838B5E122032AE607C /* Pods-Tracker-TrackerUITests.debug.xcconfig */,
				44F409429558C6580543EA76 /* Pods-Tracker-TrackerUITests.release.xcconfig */,
			);
			path = Pods;
			sourceTree = "<group>";
		};
/* End PBXGroup section */

/* Begin PBXNativeTarget section */
		A556E25B2A580BDC00C1BE68 /* TrackerSnapshotTests */ = {
			isa = PBXNativeTarget;
			buildConfigurationList = A556E2642A580BDC00C1BE68 /* Build configuration list for PBXNativeTarget "TrackerSnapshotTests" */;
			buildPhases = (
				A556E2582A580BDC00C1BE68 /* Sources */,
				A556E2592A580BDC00C1BE68 /* Frameworks */,
				A556E25A2A580BDC00C1BE68 /* Resources */,
			);
			buildRules = (
			);
			dependencies = (
				A556E2612A580BDC00C1BE68 /* PBXTargetDependency */,
			);
			name = TrackerSnapshotTests;
			packageProductDependencies = (
				A556E2662A580C5100C1BE68 /* SnapshotTesting */,
			);
			productName = TrackerSnapshotTests;
			productReference = A556E25C2A580BDC00C1BE68 /* TrackerSnapshotTests.xctest */;
			productType = "com.apple.product-type.bundle.unit-test";
		};
		A5C2AE6429F1449E000AFF07 /* Tracker */ = {
			isa = PBXNativeTarget;
			buildConfigurationList = A5C2AE7929F144A0000AFF07 /* Build configuration list for PBXNativeTarget "Tracker" */;
			buildPhases = (
				B789DA66BDBCED9FB637ABFE /* [CP] Check Pods Manifest.lock */,
				A5C2AE6129F1449E000AFF07 /* Sources */,
				A5C2AE6229F1449E000AFF07 /* Frameworks */,
				A5C2AE6329F1449E000AFF07 /* Resources */,
				C285E0491AD70C6D75847ED9 /* [CP] Embed Pods Frameworks */,
			);
			buildRules = (
			);
			dependencies = (
			);
			name = Tracker;
			productName = Tracker;
			productReference = A5C2AE6529F1449E000AFF07 /* Tracker.app */;
			productType = "com.apple.product-type.application";
		};
/* End PBXNativeTarget section */

/* Begin PBXProject section */
		A5C2AE5D29F1449E000AFF07 /* Project object */ = {
			isa = PBXProject;
			attributes = {
				BuildIndependentTargetsInParallel = 1;
				LastSwiftUpdateCheck = 1420;
				LastUpgradeCheck = 1420;
				TargetAttributes = {
					A556E25B2A580BDC00C1BE68 = {
						CreatedOnToolsVersion = 14.2;
						TestTargetID = A5C2AE6429F1449E000AFF07;
					};
					A5C2AE6429F1449E000AFF07 = {
						CreatedOnToolsVersion = 14.2;
					};
				};
			};
			buildConfigurationList = A5C2AE6029F1449E000AFF07 /* Build configuration list for PBXProject "Tracker" */;
			compatibilityVersion = "Xcode 14.0";
			developmentRegion = en;
			hasScannedForEncodings = 0;
			knownRegions = (
				en,
				Base,
				"en-GB",
				ru,
			);
			mainGroup = A5C2AE5C29F1449E000AFF07;
			packageReferences = (
				A556E2652A580C5100C1BE68 /* XCRemoteSwiftPackageReference "swift-snapshot-testing" */,
			);
			productRefGroup = A5C2AE6629F1449E000AFF07 /* Products */;
			projectDirPath = "";
			projectRoot = "";
			targets = (
				A5C2AE6429F1449E000AFF07 /* Tracker */,
				A556E25B2A580BDC00C1BE68 /* TrackerSnapshotTests */,
			);
		};
/* End PBXProject section */

/* Begin PBXResourcesBuildPhase section */
		A556E25A2A580BDC00C1BE68 /* Resources */ = {
			isa = PBXResourcesBuildPhase;
			buildActionMask = 2147483647;
			files = (
			);
			runOnlyForDeploymentPostprocessing = 0;
		};
		A5C2AE6329F1449E000AFF07 /* Resources */ = {
			isa = PBXResourcesBuildPhase;
			buildActionMask = 2147483647;
			files = (
				A5C2AE7529F144A0000AFF07 /* LaunchScreen.storyboard in Resources */,
				A5FDB9932A5DAD56002C2B99 /* Localizable.strings in Resources */,
				A5C2AE7229F144A0000AFF07 /* Assets.xcassets in Resources */,
				A5FDB99C2A5DB52C002C2B99 /* Localizable.stringsdict in Resources */,
				A5C2AE7029F1449E000AFF07 /* Main.storyboard in Resources */,
			);
			runOnlyForDeploymentPostprocessing = 0;
		};
/* End PBXResourcesBuildPhase section */

/* Begin PBXShellScriptBuildPhase section */
		B789DA66BDBCED9FB637ABFE /* [CP] Check Pods Manifest.lock */ = {
			isa = PBXShellScriptBuildPhase;
			buildActionMask = 2147483647;
			files = (
			);
			inputFileListPaths = (
			);
			inputPaths = (
				"${PODS_PODFILE_DIR_PATH}/Podfile.lock",
				"${PODS_ROOT}/Manifest.lock",
			);
			name = "[CP] Check Pods Manifest.lock";
			outputFileListPaths = (
			);
			outputPaths = (
				"$(DERIVED_FILE_DIR)/Pods-Tracker-checkManifestLockResult.txt",
			);
			runOnlyForDeploymentPostprocessing = 0;
			shellPath = /bin/sh;
			shellScript = "diff \"${PODS_PODFILE_DIR_PATH}/Podfile.lock\" \"${PODS_ROOT}/Manifest.lock\" > /dev/null\nif [ $? != 0 ] ; then\n    # print error to STDERR\n    echo \"error: The sandbox is not in sync with the Podfile.lock. Run 'pod install' or update your CocoaPods installation.\" >&2\n    exit 1\nfi\n# This output is used by Xcode 'outputs' to avoid re-running this script phase.\necho \"SUCCESS\" > \"${SCRIPT_OUTPUT_FILE_0}\"\n";
			showEnvVarsInLog = 0;
		};
		C285E0491AD70C6D75847ED9 /* [CP] Embed Pods Frameworks */ = {
			isa = PBXShellScriptBuildPhase;
			buildActionMask = 2147483647;
			files = (
			);
			inputFileListPaths = (
				"${PODS_ROOT}/Target Support Files/Pods-Tracker/Pods-Tracker-frameworks-${CONFIGURATION}-input-files.xcfilelist",
			);
			name = "[CP] Embed Pods Frameworks";
			outputFileListPaths = (
				"${PODS_ROOT}/Target Support Files/Pods-Tracker/Pods-Tracker-frameworks-${CONFIGURATION}-output-files.xcfilelist",
			);
			runOnlyForDeploymentPostprocessing = 0;
			shellPath = /bin/sh;
			shellScript = "\"${PODS_ROOT}/Target Support Files/Pods-Tracker/Pods-Tracker-frameworks.sh\"\n";
			showEnvVarsInLog = 0;
		};
/* End PBXShellScriptBuildPhase section */

/* Begin PBXSourcesBuildPhase section */
		A556E2582A580BDC00C1BE68 /* Sources */ = {
			isa = PBXSourcesBuildPhase;
			buildActionMask = 2147483647;
			files = (
				A556E25F2A580BDC00C1BE68 /* TrackerSnapshotTests.swift in Sources */,
			);
			runOnlyForDeploymentPostprocessing = 0;
		};
		A5C2AE6129F1449E000AFF07 /* Sources */ = {
			isa = PBXSourcesBuildPhase;
			buildActionMask = 2147483647;
			files = (
				A50259592A00F58100A7084E /* WeekDay.swift in Sources */,
				A5C3B46029FA56D600B64F47 /* CreateTrackerViewController.swift in Sources */,
				A5C2AE6929F1449E000AFF07 /* AppDelegate.swift in Sources */,
				A5CC244E29FE5D1700D4D03D /* TextField.swift in Sources */,
				A562302C2A26276300E0C0A0 /* Data.xcdatamodeld in Sources */,
				A5CC245329FE6C7D00D4D03D /* TrackerCell.swift in Sources */,
				A56230292A26270700E0C0A0 /* TrackerRecordStore.swift in Sources */,
				A5D52ECD2A0D1E9D001B5424 /* TrackerRecord.swift in Sources */,
				A50E02992A004E630082FF7A /* TrackerViewController.swift in Sources */,
				A574758F2A0506AC00CA5E17 /* CreateHabitCell.swift in Sources */,
				A557A2EC2A56B69900CEB1D8 /* FilterMenu.swift in Sources */,
				A5364E582A459EA100047725 /* EditTrackerHabitViewController.swift in Sources */,
				A5C2AE6B29F1449E000AFF07 /* SceneDelegate.swift in Sources */,
				A5364E5A2A45A02300047725 /* DataForCellHabit.swift in Sources */,
				A571458D2A25F377002A49BD /* ColorCell.swift in Sources */,
				A5288E7F2A114F1E0057D30A /* SupplementaryViewCategory.swift in Sources */,
				A5106D562A2763AF0083ED28 /* ColorAndDayMarshalling.swift in Sources */,
				A5CBE07029FBBA9A002AA691 /* CreateScheduleViewController.swift in Sources */,
				A5AEE6772A35B19900383767 /* OnboardingPageView.swift in Sources */,
				A5C384752A485EB1001F38FA /* Extension type.swift in Sources */,
				A5CC245129FE605A00D4D03D /* Tracker.swift in Sources */,
				A57475912A05077A00CA5E17 /* DayCell.swift in Sources */,
				A5D0FFE32A5AEA6000810AA0 /* AnalyticsService.swift in Sources */,
				A56230252A2626D800E0C0A0 /* TrackerStore.swift in Sources */,
				A550418329F6EF7A0075DA85 /* StatisticsViewController.swift in Sources */,
				A56230272A2626F200E0C0A0 /* TrackerCategoryStore.swift in Sources */,
				A573883A2A03CE120050394F /* TrackerCategory.swift in Sources */,
				A5AEE67B2A35B37800383767 /* SecondOnboardingScreen.swift in Sources */,
				A5BB19132A0257700039414D /* CategoryViewController.swift in Sources */,
				A5C3B46229FA852A00B64F47 /* CreateHabitViewController.swift in Sources */,
				A57475942A056F9700CA5E17 /* EmojiCell.swift in Sources */,
				A5AEE6792A35B34100383767 /* FirstOnboardingScreen.swift in Sources */,
				A550418129F6EB120075DA85 /* TabBarViewController.swift in Sources */,
				A5DFE74D2A3779D9005BABDD /* CategoryViewModel.swift in Sources */,
				A550417F29F6D49E0075DA85 /* UIColor.swift in Sources */,
				A50E02972A00302A0082FF7A /* Storage.swift in Sources */,
				A5DFE74F2A378073005BABDD /* NewCategoryViewController.swift in Sources */,
				A5288E7D2A114EF10057D30A /* SupplementaryViewEmojiColor.swift in Sources */,
			);
			runOnlyForDeploymentPostprocessing = 0;
		};
/* End PBXSourcesBuildPhase section */

/* Begin PBXTargetDependency section */
		A556E2612A580BDC00C1BE68 /* PBXTargetDependency */ = {
			isa = PBXTargetDependency;
			target = A5C2AE6429F1449E000AFF07 /* Tracker */;
			targetProxy = A556E2602A580BDC00C1BE68 /* PBXContainerItemProxy */;
		};
/* End PBXTargetDependency section */

/* Begin PBXVariantGroup section */
		A5C2AE6E29F1449E000AFF07 /* Main.storyboard */ = {
			isa = PBXVariantGroup;
			children = (
				A5C2AE6F29F1449E000AFF07 /* Base */,
				A5FDB9912A5DAD33002C2B99 /* en-GB */,
				A5FDB9972A5DADAA002C2B99 /* ru */,
			);
			name = Main.storyboard;
			sourceTree = "<group>";
		};
		A5C2AE7329F144A0000AFF07 /* LaunchScreen.storyboard */ = {
			isa = PBXVariantGroup;
			children = (
				A5C2AE7429F144A0000AFF07 /* Base */,
				A5FDB9922A5DAD34002C2B99 /* en-GB */,
				A5FDB9982A5DADAA002C2B99 /* ru */,
			);
			name = LaunchScreen.storyboard;
			sourceTree = "<group>";
		};
		A5FDB9952A5DAD56002C2B99 /* Localizable.strings */ = {
			isa = PBXVariantGroup;
			children = (
				A5FDB9942A5DAD56002C2B99 /* en */,
				A5FDB9992A5DADAA002C2B99 /* ru */,
			);
			name = Localizable.strings;
			sourceTree = "<group>";
		};
		A5FDB99A2A5DB52C002C2B99 /* Localizable.stringsdict */ = {
			isa = PBXVariantGroup;
			children = (
				A5FDB99B2A5DB52C002C2B99 /* en */,
				A5FDB99D2A5DB933002C2B99 /* ru */,
			);
			name = Localizable.stringsdict;
			sourceTree = "<group>";
		};
/* End PBXVariantGroup section */

/* Begin XCBuildConfiguration section */
		A556E2622A580BDC00C1BE68 /* Debug */ = {
			isa = XCBuildConfiguration;
			buildSettings = {
				BUNDLE_LOADER = "$(TEST_HOST)";
				CODE_SIGN_STYLE = Automatic;
				CURRENT_PROJECT_VERSION = 1;
				DEVELOPMENT_TEAM = 53LCYZJT66;
				GENERATE_INFOPLIST_FILE = YES;
				IPHONEOS_DEPLOYMENT_TARGET = 16.2;
				MARKETING_VERSION = 1.0;
				PRODUCT_BUNDLE_IDENTIFIER = ru.dkrshn.TrackerSnapshotTests;
				PRODUCT_NAME = "$(TARGET_NAME)";
				SWIFT_EMIT_LOC_STRINGS = NO;
				SWIFT_VERSION = 5.0;
				TARGETED_DEVICE_FAMILY = "1,2";
				TEST_HOST = "$(BUILT_PRODUCTS_DIR)/Tracker.app/$(BUNDLE_EXECUTABLE_FOLDER_PATH)/Tracker";
			};
			name = Debug;
		};
		A556E2632A580BDC00C1BE68 /* Release */ = {
			isa = XCBuildConfiguration;
			buildSettings = {
				BUNDLE_LOADER = "$(TEST_HOST)";
				CODE_SIGN_STYLE = Automatic;
				CURRENT_PROJECT_VERSION = 1;
				DEVELOPMENT_TEAM = 53LCYZJT66;
				GENERATE_INFOPLIST_FILE = YES;
				IPHONEOS_DEPLOYMENT_TARGET = 16.2;
				MARKETING_VERSION = 1.0;
				PRODUCT_BUNDLE_IDENTIFIER = ru.dkrshn.TrackerSnapshotTests;
				PRODUCT_NAME = "$(TARGET_NAME)";
				SWIFT_EMIT_LOC_STRINGS = NO;
				SWIFT_VERSION = 5.0;
				TARGETED_DEVICE_FAMILY = "1,2";
				TEST_HOST = "$(BUILT_PRODUCTS_DIR)/Tracker.app/$(BUNDLE_EXECUTABLE_FOLDER_PATH)/Tracker";
			};
			name = Release;
		};
		A5C2AE7729F144A0000AFF07 /* Debug */ = {
			isa = XCBuildConfiguration;
			buildSettings = {
				ALWAYS_SEARCH_USER_PATHS = NO;
				CLANG_ANALYZER_LOCALIZABILITY_NONLOCALIZED = YES;
				CLANG_ANALYZER_NONNULL = YES;
				CLANG_ANALYZER_NUMBER_OBJECT_CONVERSION = YES_AGGRESSIVE;
				CLANG_CXX_LANGUAGE_STANDARD = "gnu++20";
				CLANG_ENABLE_MODULES = YES;
				CLANG_ENABLE_OBJC_ARC = YES;
				CLANG_ENABLE_OBJC_WEAK = YES;
				CLANG_WARN_BLOCK_CAPTURE_AUTORELEASING = YES;
				CLANG_WARN_BOOL_CONVERSION = YES;
				CLANG_WARN_COMMA = YES;
				CLANG_WARN_CONSTANT_CONVERSION = YES;
				CLANG_WARN_DEPRECATED_OBJC_IMPLEMENTATIONS = YES;
				CLANG_WARN_DIRECT_OBJC_ISA_USAGE = YES_ERROR;
				CLANG_WARN_DOCUMENTATION_COMMENTS = YES;
				CLANG_WARN_EMPTY_BODY = YES;
				CLANG_WARN_ENUM_CONVERSION = YES;
				CLANG_WARN_INFINITE_RECURSION = YES;
				CLANG_WARN_INT_CONVERSION = YES;
				CLANG_WARN_NON_LITERAL_NULL_CONVERSION = YES;
				CLANG_WARN_OBJC_IMPLICIT_RETAIN_SELF = YES;
				CLANG_WARN_OBJC_LITERAL_CONVERSION = YES;
				CLANG_WARN_OBJC_ROOT_CLASS = YES_ERROR;
				CLANG_WARN_QUOTED_INCLUDE_IN_FRAMEWORK_HEADER = YES;
				CLANG_WARN_RANGE_LOOP_ANALYSIS = YES;
				CLANG_WARN_STRICT_PROTOTYPES = YES;
				CLANG_WARN_SUSPICIOUS_MOVE = YES;
				CLANG_WARN_UNGUARDED_AVAILABILITY = YES_AGGRESSIVE;
				CLANG_WARN_UNREACHABLE_CODE = YES;
				CLANG_WARN__DUPLICATE_METHOD_MATCH = YES;
				COPY_PHASE_STRIP = NO;
				DEBUG_INFORMATION_FORMAT = dwarf;
				ENABLE_STRICT_OBJC_MSGSEND = YES;
				ENABLE_TESTABILITY = YES;
				GCC_C_LANGUAGE_STANDARD = gnu11;
				GCC_DYNAMIC_NO_PIC = NO;
				GCC_NO_COMMON_BLOCKS = YES;
				GCC_OPTIMIZATION_LEVEL = 0;
				GCC_PREPROCESSOR_DEFINITIONS = (
					"DEBUG=1",
					"$(inherited)",
				);
				GCC_WARN_64_TO_32_BIT_CONVERSION = YES;
				GCC_WARN_ABOUT_RETURN_TYPE = YES_ERROR;
				GCC_WARN_UNDECLARED_SELECTOR = YES;
				GCC_WARN_UNINITIALIZED_AUTOS = YES_AGGRESSIVE;
				GCC_WARN_UNUSED_FUNCTION = YES;
				GCC_WARN_UNUSED_VARIABLE = YES;
				IPHONEOS_DEPLOYMENT_TARGET = 13.4;
				MTL_ENABLE_DEBUG_INFO = INCLUDE_SOURCE;
				MTL_FAST_MATH = YES;
				ONLY_ACTIVE_ARCH = YES;
				SDKROOT = iphoneos;
				SWIFT_ACTIVE_COMPILATION_CONDITIONS = DEBUG;
				SWIFT_OPTIMIZATION_LEVEL = "-Onone";
			};
			name = Debug;
		};
		A5C2AE7829F144A0000AFF07 /* Release */ = {
			isa = XCBuildConfiguration;
			buildSettings = {
				ALWAYS_SEARCH_USER_PATHS = NO;
				CLANG_ANALYZER_LOCALIZABILITY_NONLOCALIZED = YES;
				CLANG_ANALYZER_NONNULL = YES;
				CLANG_ANALYZER_NUMBER_OBJECT_CONVERSION = YES_AGGRESSIVE;
				CLANG_CXX_LANGUAGE_STANDARD = "gnu++20";
				CLANG_ENABLE_MODULES = YES;
				CLANG_ENABLE_OBJC_ARC = YES;
				CLANG_ENABLE_OBJC_WEAK = YES;
				CLANG_WARN_BLOCK_CAPTURE_AUTORELEASING = YES;
				CLANG_WARN_BOOL_CONVERSION = YES;
				CLANG_WARN_COMMA = YES;
				CLANG_WARN_CONSTANT_CONVERSION = YES;
				CLANG_WARN_DEPRECATED_OBJC_IMPLEMENTATIONS = YES;
				CLANG_WARN_DIRECT_OBJC_ISA_USAGE = YES_ERROR;
				CLANG_WARN_DOCUMENTATION_COMMENTS = YES;
				CLANG_WARN_EMPTY_BODY = YES;
				CLANG_WARN_ENUM_CONVERSION = YES;
				CLANG_WARN_INFINITE_RECURSION = YES;
				CLANG_WARN_INT_CONVERSION = YES;
				CLANG_WARN_NON_LITERAL_NULL_CONVERSION = YES;
				CLANG_WARN_OBJC_IMPLICIT_RETAIN_SELF = YES;
				CLANG_WARN_OBJC_LITERAL_CONVERSION = YES;
				CLANG_WARN_OBJC_ROOT_CLASS = YES_ERROR;
				CLANG_WARN_QUOTED_INCLUDE_IN_FRAMEWORK_HEADER = YES;
				CLANG_WARN_RANGE_LOOP_ANALYSIS = YES;
				CLANG_WARN_STRICT_PROTOTYPES = YES;
				CLANG_WARN_SUSPICIOUS_MOVE = YES;
				CLANG_WARN_UNGUARDED_AVAILABILITY = YES_AGGRESSIVE;
				CLANG_WARN_UNREACHABLE_CODE = YES;
				CLANG_WARN__DUPLICATE_METHOD_MATCH = YES;
				COPY_PHASE_STRIP = NO;
				DEBUG_INFORMATION_FORMAT = "dwarf-with-dsym";
				ENABLE_NS_ASSERTIONS = NO;
				ENABLE_STRICT_OBJC_MSGSEND = YES;
				GCC_C_LANGUAGE_STANDARD = gnu11;
				GCC_NO_COMMON_BLOCKS = YES;
				GCC_WARN_64_TO_32_BIT_CONVERSION = YES;
				GCC_WARN_ABOUT_RETURN_TYPE = YES_ERROR;
				GCC_WARN_UNDECLARED_SELECTOR = YES;
				GCC_WARN_UNINITIALIZED_AUTOS = YES_AGGRESSIVE;
				GCC_WARN_UNUSED_FUNCTION = YES;
				GCC_WARN_UNUSED_VARIABLE = YES;
				IPHONEOS_DEPLOYMENT_TARGET = 13.4;
				MTL_ENABLE_DEBUG_INFO = NO;
				MTL_FAST_MATH = YES;
				SDKROOT = iphoneos;
				SWIFT_COMPILATION_MODE = wholemodule;
				SWIFT_OPTIMIZATION_LEVEL = "-O";
				VALIDATE_PRODUCT = YES;
			};
			name = Release;
		};
		A5C2AE7A29F144A0000AFF07 /* Debug */ = {
			isa = XCBuildConfiguration;
			baseConfigurationReference = 029D34500EBFB6A739AAD265 /* Pods-Tracker.debug.xcconfig */;
			buildSettings = {
				ASSETCATALOG_COMPILER_APPICON_NAME = AppIcon;
				ASSETCATALOG_COMPILER_GLOBAL_ACCENT_COLOR_NAME = AccentColor;
				CODE_SIGN_STYLE = Automatic;
				CURRENT_PROJECT_VERSION = 1;
				DEVELOPMENT_TEAM = 53LCYZJT66;
				GENERATE_INFOPLIST_FILE = YES;
				INFOPLIST_FILE = Tracker/Info.plist;
				INFOPLIST_KEY_UIApplicationSupportsIndirectInputEvents = YES;
				INFOPLIST_KEY_UILaunchStoryboardName = LaunchScreen;
				INFOPLIST_KEY_UIMainStoryboardFile = Main;
				INFOPLIST_KEY_UISupportedInterfaceOrientations = UIInterfaceOrientationPortrait;
				IPHONEOS_DEPLOYMENT_TARGET = 13.4;
				LD_RUNPATH_SEARCH_PATHS = (
					"$(inherited)",
					"@executable_path/Frameworks",
				);
				MARKETING_VERSION = 1.0;
				PRODUCT_BUNDLE_IDENTIFIER = ru.dkrshn.Tracker;
				PRODUCT_NAME = "$(TARGET_NAME)";
				SUPPORTED_PLATFORMS = "iphoneos iphonesimulator";
				SUPPORTS_MACCATALYST = NO;
				SUPPORTS_MAC_DESIGNED_FOR_IPHONE_IPAD = NO;
				SWIFT_EMIT_LOC_STRINGS = YES;
				SWIFT_VERSION = 5.0;
				TARGETED_DEVICE_FAMILY = 1;
			};
			name = Debug;
		};
		A5C2AE7B29F144A0000AFF07 /* Release */ = {
			isa = XCBuildConfiguration;
			baseConfigurationReference = AE6D1C7C545FF75E45E6F146 /* Pods-Tracker.release.xcconfig */;
			buildSettings = {
				ASSETCATALOG_COMPILER_APPICON_NAME = AppIcon;
				ASSETCATALOG_COMPILER_GLOBAL_ACCENT_COLOR_NAME = AccentColor;
				CODE_SIGN_STYLE = Automatic;
				CURRENT_PROJECT_VERSION = 1;
				DEVELOPMENT_TEAM = 53LCYZJT66;
				GENERATE_INFOPLIST_FILE = YES;
				INFOPLIST_FILE = Tracker/Info.plist;
				INFOPLIST_KEY_UIApplicationSupportsIndirectInputEvents = YES;
				INFOPLIST_KEY_UILaunchStoryboardName = LaunchScreen;
				INFOPLIST_KEY_UIMainStoryboardFile = Main;
				INFOPLIST_KEY_UISupportedInterfaceOrientations = UIInterfaceOrientationPortrait;
				IPHONEOS_DEPLOYMENT_TARGET = 13.4;
				LD_RUNPATH_SEARCH_PATHS = (
					"$(inherited)",
					"@executable_path/Frameworks",
				);
				MARKETING_VERSION = 1.0;
				PRODUCT_BUNDLE_IDENTIFIER = ru.dkrshn.Tracker;
				PRODUCT_NAME = "$(TARGET_NAME)";
				SUPPORTED_PLATFORMS = "iphoneos iphonesimulator";
				SUPPORTS_MACCATALYST = NO;
				SUPPORTS_MAC_DESIGNED_FOR_IPHONE_IPAD = NO;
				SWIFT_EMIT_LOC_STRINGS = YES;
				SWIFT_VERSION = 5.0;
				TARGETED_DEVICE_FAMILY = 1;
			};
			name = Release;
		};
/* End XCBuildConfiguration section */

/* Begin XCConfigurationList section */
		A556E2642A580BDC00C1BE68 /* Build configuration list for PBXNativeTarget "TrackerSnapshotTests" */ = {
			isa = XCConfigurationList;
			buildConfigurations = (
				A556E2622A580BDC00C1BE68 /* Debug */,
				A556E2632A580BDC00C1BE68 /* Release */,
			);
			defaultConfigurationIsVisible = 0;
			defaultConfigurationName = Release;
		};
		A5C2AE6029F1449E000AFF07 /* Build configuration list for PBXProject "Tracker" */ = {
			isa = XCConfigurationList;
			buildConfigurations = (
				A5C2AE7729F144A0000AFF07 /* Debug */,
				A5C2AE7829F144A0000AFF07 /* Release */,
			);
			defaultConfigurationIsVisible = 0;
			defaultConfigurationName = Release;
		};
		A5C2AE7929F144A0000AFF07 /* Build configuration list for PBXNativeTarget "Tracker" */ = {
			isa = XCConfigurationList;
			buildConfigurations = (
				A5C2AE7A29F144A0000AFF07 /* Debug */,
				A5C2AE7B29F144A0000AFF07 /* Release */,
			);
			defaultConfigurationIsVisible = 0;
			defaultConfigurationName = Release;
		};
/* End XCConfigurationList section */

/* Begin XCRemoteSwiftPackageReference section */
		A556E2652A580C5100C1BE68 /* XCRemoteSwiftPackageReference "swift-snapshot-testing" */ = {
			isa = XCRemoteSwiftPackageReference;
			repositoryURL = "https://github.com/pointfreeco/swift-snapshot-testing";
			requirement = {
				kind = upToNextMajorVersion;
				minimumVersion = 1.0.0;
			};
		};
/* End XCRemoteSwiftPackageReference section */

/* Begin XCSwiftPackageProductDependency section */
		A556E2662A580C5100C1BE68 /* SnapshotTesting */ = {
			isa = XCSwiftPackageProductDependency;
			package = A556E2652A580C5100C1BE68 /* XCRemoteSwiftPackageReference "swift-snapshot-testing" */;
			productName = SnapshotTesting;
		};
/* End XCSwiftPackageProductDependency section */

/* Begin XCVersionGroup section */
		A562302A2A26276300E0C0A0 /* Data.xcdatamodeld */ = {
			isa = XCVersionGroup;
			children = (
				A562302B2A26276300E0C0A0 /* Data.xcdatamodel */,
			);
			currentVersion = A562302B2A26276300E0C0A0 /* Data.xcdatamodel */;
			path = Data.xcdatamodeld;
			sourceTree = "<group>";
			versionGroupType = wrapper.xcdatamodel;
		};
/* End XCVersionGroup section */
	};
	rootObject = A5C2AE5D29F1449E000AFF07 /* Project object */;
}
